// !$*UTF8*$!
{
	archiveVersion = 1;
	classes = {
	};
	objectVersion = 56;
	objects = {

/* Begin PBXBuildFile section */
		DB0FD3092BEEA87D002F771B /* FirebaseAnalytics in Frameworks */ = {isa = PBXBuildFile; productRef = DB0FD3082BEEA87D002F771B /* FirebaseAnalytics */; };
		DB0FD30B2BEEA87D002F771B /* FirebaseAuth in Frameworks */ = {isa = PBXBuildFile; productRef = DB0FD30A2BEEA87D002F771B /* FirebaseAuth */; };
		DB0FD30D2BEEA87D002F771B /* FirebaseDatabase in Frameworks */ = {isa = PBXBuildFile; productRef = DB0FD30C2BEEA87D002F771B /* FirebaseDatabase */; };
		DB0FD30F2BEEA87D002F771B /* FirebaseDatabaseSwift in Frameworks */ = {isa = PBXBuildFile; productRef = DB0FD30E2BEEA87D002F771B /* FirebaseDatabaseSwift */; };
		DB0FD3112BEEA87D002F771B /* FirebaseFirestore in Frameworks */ = {isa = PBXBuildFile; productRef = DB0FD3102BEEA87D002F771B /* FirebaseFirestore */; };
		DB0FD3132BEEA87D002F771B /* FirebaseFirestoreSwift in Frameworks */ = {isa = PBXBuildFile; productRef = DB0FD3122BEEA87D002F771B /* FirebaseFirestoreSwift */; };
		DB0FD3152BEEA87D002F771B /* FirebaseStorage in Frameworks */ = {isa = PBXBuildFile; productRef = DB0FD3142BEEA87D002F771B /* FirebaseStorage */; };
		DB0FD3172BEF8CD0002F771B /* RegisterNetworkService.swift in Sources */ = {isa = PBXBuildFile; fileRef = DB0FD3162BEF8CD0002F771B /* RegisterNetworkService.swift */; };
		DB0FD31A2BF39377002F771B /* LoginNetworkService.swift in Sources */ = {isa = PBXBuildFile; fileRef = DB0FD3192BF39377002F771B /* LoginNetworkService.swift */; };
		DB0FD31D2BF4C4C1002F771B /* ConversationViewController.swift in Sources */ = {isa = PBXBuildFile; fileRef = DB0FD31C2BF4C4C1002F771B /* ConversationViewController.swift */; };
		DB0FD31F2BF53297002F771B /* ConversationListTableViewCell.swift in Sources */ = {isa = PBXBuildFile; fileRef = DB0FD31E2BF53297002F771B /* ConversationListTableViewCell.swift */; };
		DB0FD3212BF53713002F771B /* Conversation.swift in Sources */ = {isa = PBXBuildFile; fileRef = DB0FD3202BF53713002F771B /* Conversation.swift */; };
		DB0FD3232BF673CA002F771B /* DatabaseManager.swift in Sources */ = {isa = PBXBuildFile; fileRef = DB0FD3222BF673CA002F771B /* DatabaseManager.swift */; };
		DB0FD3262BF6757E002F771B /* User.swift in Sources */ = {isa = PBXBuildFile; fileRef = DB0FD3252BF6757E002F771B /* User.swift */; };
		DB0FD3282BF6974F002F771B /* String+Safe.swift in Sources */ = {isa = PBXBuildFile; fileRef = DB0FD3272BF6974F002F771B /* String+Safe.swift */; };
		DB0FD32A2BF8E2FF002F771B /* StorageManager.swift in Sources */ = {isa = PBXBuildFile; fileRef = DB0FD3292BF8E2FF002F771B /* StorageManager.swift */; };
		DB0FD32D2BFE7F12002F771B /* NewConversationViewController.swift in Sources */ = {isa = PBXBuildFile; fileRef = DB0FD32C2BFE7F12002F771B /* NewConversationViewController.swift */; };
		DB0FD32F2BFF552A002F771B /* ChatUser.swift in Sources */ = {isa = PBXBuildFile; fileRef = DB0FD32E2BFF552A002F771B /* ChatUser.swift */; };
		DB0FD3312BFFD497002F771B /* NewConversationTableViewCell.swift in Sources */ = {isa = PBXBuildFile; fileRef = DB0FD3302BFFD497002F771B /* NewConversationTableViewCell.swift */; };
		DBB8446F2BE63F0400C07D39 /* AppDelegate.swift in Sources */ = {isa = PBXBuildFile; fileRef = DBB8446E2BE63F0400C07D39 /* AppDelegate.swift */; };
		DBB844712BE63F0400C07D39 /* SceneDelegate.swift in Sources */ = {isa = PBXBuildFile; fileRef = DBB844702BE63F0400C07D39 /* SceneDelegate.swift */; };
		DBB844782BE63F0500C07D39 /* Assets.xcassets in Resources */ = {isa = PBXBuildFile; fileRef = DBB844772BE63F0500C07D39 /* Assets.xcassets */; };
		DBB8447B2BE63F0500C07D39 /* Base in Resources */ = {isa = PBXBuildFile; fileRef = DBB8447A2BE63F0500C07D39 /* Base */; };
		DBB844842BE643D800C07D39 /* ConversationListViewController.swift in Sources */ = {isa = PBXBuildFile; fileRef = DBB844832BE643D800C07D39 /* ConversationListViewController.swift */; };
		DBB844872BE648DB00C07D39 /* ProfileViewController.swift in Sources */ = {isa = PBXBuildFile; fileRef = DBB844862BE648DB00C07D39 /* ProfileViewController.swift */; };
		DBB844892BE64A4100C07D39 /* MainTabBarController.swift in Sources */ = {isa = PBXBuildFile; fileRef = DBB844882BE64A4100C07D39 /* MainTabBarController.swift */; };
		DBB8448C2BE6514700C07D39 /* LoginViewController.swift in Sources */ = {isa = PBXBuildFile; fileRef = DBB8448B2BE6514700C07D39 /* LoginViewController.swift */; };
		DBB8448E2BE67FBC00C07D39 /* LoginView.swift in Sources */ = {isa = PBXBuildFile; fileRef = DBB8448D2BE67FBC00C07D39 /* LoginView.swift */; };
		DBB844902BE6853C00C07D39 /* LayoutMetrics.swift in Sources */ = {isa = PBXBuildFile; fileRef = DBB8448F2BE6853C00C07D39 /* LayoutMetrics.swift */; };
		DBB844932BE68B4B00C07D39 /* Colors.swift in Sources */ = {isa = PBXBuildFile; fileRef = DBB844922BE68B4B00C07D39 /* Colors.swift */; };
		DBB844962BE6C25500C07D39 /* RegisterViewController.swift in Sources */ = {isa = PBXBuildFile; fileRef = DBB844952BE6C25500C07D39 /* RegisterViewController.swift */; };
		DBB844982BE7D93D00C07D39 /* RegisterView.swift in Sources */ = {isa = PBXBuildFile; fileRef = DBB844972BE7D93D00C07D39 /* RegisterView.swift */; };
		DBB8449A2BE7DA3000C07D39 /* BaseComponentsFactory.swift in Sources */ = {isa = PBXBuildFile; fileRef = DBB844992BE7DA3000C07D39 /* BaseComponentsFactory.swift */; };
		DBB8449C2BEBDDDF00C07D39 /* Notifications.swift in Sources */ = {isa = PBXBuildFile; fileRef = DBB8449B2BEBDDDF00C07D39 /* Notifications.swift */; };
		DBED38B02BEEA03F00570271 /* GoogleService-Info.plist in Resources */ = {isa = PBXBuildFile; fileRef = DBED38AF2BEEA03F00570271 /* GoogleService-Info.plist */; };
/* End PBXBuildFile section */

/* Begin PBXFileReference section */
		DB0FD3162BEF8CD0002F771B /* RegisterNetworkService.swift */ = {isa = PBXFileReference; lastKnownFileType = sourcecode.swift; path = RegisterNetworkService.swift; sourceTree = "<group>"; };
		DB0FD3192BF39377002F771B /* LoginNetworkService.swift */ = {isa = PBXFileReference; lastKnownFileType = sourcecode.swift; path = LoginNetworkService.swift; sourceTree = "<group>"; };
		DB0FD31C2BF4C4C1002F771B /* ConversationViewController.swift */ = {isa = PBXFileReference; lastKnownFileType = sourcecode.swift; path = ConversationViewController.swift; sourceTree = "<group>"; };
		DB0FD31E2BF53297002F771B /* ConversationListTableViewCell.swift */ = {isa = PBXFileReference; lastKnownFileType = sourcecode.swift; path = ConversationListTableViewCell.swift; sourceTree = "<group>"; };
		DB0FD3202BF53713002F771B /* Conversation.swift */ = {isa = PBXFileReference; lastKnownFileType = sourcecode.swift; path = Conversation.swift; sourceTree = "<group>"; };
		DB0FD3222BF673CA002F771B /* DatabaseManager.swift */ = {isa = PBXFileReference; lastKnownFileType = sourcecode.swift; path = DatabaseManager.swift; sourceTree = "<group>"; };
		DB0FD3252BF6757E002F771B /* User.swift */ = {isa = PBXFileReference; lastKnownFileType = sourcecode.swift; path = User.swift; sourceTree = "<group>"; };
		DB0FD3272BF6974F002F771B /* String+Safe.swift */ = {isa = PBXFileReference; lastKnownFileType = sourcecode.swift; path = "String+Safe.swift"; sourceTree = "<group>"; };
		DB0FD3292BF8E2FF002F771B /* StorageManager.swift */ = {isa = PBXFileReference; lastKnownFileType = sourcecode.swift; path = StorageManager.swift; sourceTree = "<group>"; };
		DB0FD32C2BFE7F12002F771B /* NewConversationViewController.swift */ = {isa = PBXFileReference; lastKnownFileType = sourcecode.swift; path = NewConversationViewController.swift; sourceTree = "<group>"; };
		DB0FD32E2BFF552A002F771B /* ChatUser.swift */ = {isa = PBXFileReference; lastKnownFileType = sourcecode.swift; path = ChatUser.swift; sourceTree = "<group>"; };
		DB0FD3302BFFD497002F771B /* NewConversationTableViewCell.swift */ = {isa = PBXFileReference; lastKnownFileType = sourcecode.swift; path = NewConversationTableViewCell.swift; sourceTree = "<group>"; };
		DBB8446B2BE63F0400C07D39 /* Messenger.app */ = {isa = PBXFileReference; explicitFileType = wrapper.application; includeInIndex = 0; path = Messenger.app; sourceTree = BUILT_PRODUCTS_DIR; };
		DBB8446E2BE63F0400C07D39 /* AppDelegate.swift */ = {isa = PBXFileReference; lastKnownFileType = sourcecode.swift; path = AppDelegate.swift; sourceTree = "<group>"; };
		DBB844702BE63F0400C07D39 /* SceneDelegate.swift */ = {isa = PBXFileReference; lastKnownFileType = sourcecode.swift; path = SceneDelegate.swift; sourceTree = "<group>"; };
		DBB844772BE63F0500C07D39 /* Assets.xcassets */ = {isa = PBXFileReference; lastKnownFileType = folder.assetcatalog; path = Assets.xcassets; sourceTree = "<group>"; };
		DBB8447A2BE63F0500C07D39 /* Base */ = {isa = PBXFileReference; lastKnownFileType = file.storyboard; name = Base; path = Base.lproj/LaunchScreen.storyboard; sourceTree = "<group>"; };
		DBB8447C2BE63F0500C07D39 /* Info.plist */ = {isa = PBXFileReference; lastKnownFileType = text.plist.xml; path = Info.plist; sourceTree = "<group>"; };
		DBB844832BE643D800C07D39 /* ConversationListViewController.swift */ = {isa = PBXFileReference; lastKnownFileType = sourcecode.swift; path = ConversationListViewController.swift; sourceTree = "<group>"; };
		DBB844862BE648DB00C07D39 /* ProfileViewController.swift */ = {isa = PBXFileReference; lastKnownFileType = sourcecode.swift; path = ProfileViewController.swift; sourceTree = "<group>"; };
		DBB844882BE64A4100C07D39 /* MainTabBarController.swift */ = {isa = PBXFileReference; lastKnownFileType = sourcecode.swift; path = MainTabBarController.swift; sourceTree = "<group>"; };
		DBB8448B2BE6514700C07D39 /* LoginViewController.swift */ = {isa = PBXFileReference; lastKnownFileType = sourcecode.swift; path = LoginViewController.swift; sourceTree = "<group>"; };
		DBB8448D2BE67FBC00C07D39 /* LoginView.swift */ = {isa = PBXFileReference; lastKnownFileType = sourcecode.swift; path = LoginView.swift; sourceTree = "<group>"; };
		DBB8448F2BE6853C00C07D39 /* LayoutMetrics.swift */ = {isa = PBXFileReference; lastKnownFileType = sourcecode.swift; path = LayoutMetrics.swift; sourceTree = "<group>"; };
		DBB844922BE68B4B00C07D39 /* Colors.swift */ = {isa = PBXFileReference; lastKnownFileType = sourcecode.swift; path = Colors.swift; sourceTree = "<group>"; };
		DBB844952BE6C25500C07D39 /* RegisterViewController.swift */ = {isa = PBXFileReference; lastKnownFileType = sourcecode.swift; path = RegisterViewController.swift; sourceTree = "<group>"; };
		DBB844972BE7D93D00C07D39 /* RegisterView.swift */ = {isa = PBXFileReference; lastKnownFileType = sourcecode.swift; path = RegisterView.swift; sourceTree = "<group>"; };
		DBB844992BE7DA3000C07D39 /* BaseComponentsFactory.swift */ = {isa = PBXFileReference; lastKnownFileType = sourcecode.swift; path = BaseComponentsFactory.swift; sourceTree = "<group>"; };
		DBB8449B2BEBDDDF00C07D39 /* Notifications.swift */ = {isa = PBXFileReference; lastKnownFileType = sourcecode.swift; path = Notifications.swift; sourceTree = "<group>"; };
		DBED38AF2BEEA03F00570271 /* GoogleService-Info.plist */ = {isa = PBXFileReference; fileEncoding = 4; lastKnownFileType = text.plist.xml; name = "GoogleService-Info.plist"; path = "../../../Downloads/GoogleService-Info.plist"; sourceTree = "<group>"; };
		DBED38B12BEEA07C00570271 /* GoogleService-Info.plist */ = {isa = PBXFileReference; lastKnownFileType = text.plist.xml; path = "GoogleService-Info.plist"; sourceTree = "<group>"; };
/* End PBXFileReference section */

/* Begin PBXFrameworksBuildPhase section */
		DBB844682BE63F0400C07D39 /* Frameworks */ = {
			isa = PBXFrameworksBuildPhase;
			buildActionMask = 2147483647;
			files = (
				DB0FD30F2BEEA87D002F771B /* FirebaseDatabaseSwift in Frameworks */,
				DB0FD30D2BEEA87D002F771B /* FirebaseDatabase in Frameworks */,
				DB0FD3092BEEA87D002F771B /* FirebaseAnalytics in Frameworks */,
				DB0FD3112BEEA87D002F771B /* FirebaseFirestore in Frameworks */,
				DB0FD3152BEEA87D002F771B /* FirebaseStorage in Frameworks */,
				DB0FD30B2BEEA87D002F771B /* FirebaseAuth in Frameworks */,
				DB0FD3132BEEA87D002F771B /* FirebaseFirestoreSwift in Frameworks */,
			);
			runOnlyForDeploymentPostprocessing = 0;
		};
/* End PBXFrameworksBuildPhase section */

/* Begin PBXGroup section */
		DB0FD3182BEFF470002F771B /* Frameworks */ = {
			isa = PBXGroup;
			children = (
			);
			name = Frameworks;
			sourceTree = "<group>";
		};
		DB0FD31B2BF4C465002F771B /* Conversation */ = {
			isa = PBXGroup;
			children = (
				DB0FD31C2BF4C4C1002F771B /* ConversationViewController.swift */,
			);
			path = Conversation;
			sourceTree = "<group>";
		};
		DB0FD3242BF6756A002F771B /* Models */ = {
			isa = PBXGroup;
			children = (
				DB0FD3252BF6757E002F771B /* User.swift */,
				DB0FD32E2BFF552A002F771B /* ChatUser.swift */,
			);
			path = Models;
			sourceTree = "<group>";
		};
		DB0FD32B2BFE7EC7002F771B /* NewConversation */ = {
			isa = PBXGroup;
			children = (
				DB0FD32C2BFE7F12002F771B /* NewConversationViewController.swift */,
				DB0FD3302BFFD497002F771B /* NewConversationTableViewCell.swift */,
			);
			path = NewConversation;
			sourceTree = "<group>";
		};
		DBB844622BE63F0400C07D39 = {
			isa = PBXGroup;
			children = (
				DBED38AF2BEEA03F00570271 /* GoogleService-Info.plist */,
				DBB8446D2BE63F0400C07D39 /* Messenger */,
				DBB8446C2BE63F0400C07D39 /* Products */,
				DB0FD3182BEFF470002F771B /* Frameworks */,
			);
			sourceTree = "<group>";
		};
		DBB8446C2BE63F0400C07D39 /* Products */ = {
			isa = PBXGroup;
			children = (
				DBB8446B2BE63F0400C07D39 /* Messenger.app */,
			);
			name = Products;
			sourceTree = "<group>";
		};
		DBB8446D2BE63F0400C07D39 /* Messenger */ = {
			isa = PBXGroup;
			children = (
				DB0FD32B2BFE7EC7002F771B /* NewConversation */,
				DB0FD3242BF6756A002F771B /* Models */,
				DB0FD31B2BF4C465002F771B /* Conversation */,
				DBB844942BE6C23400C07D39 /* Register */,
				DBB8448A2BE6511100C07D39 /* Login */,
				DBB844852BE6489800C07D39 /* Profile */,
				DBB844822BE6439D00C07D39 /* ConversationList */,
				DBB8446E2BE63F0400C07D39 /* AppDelegate.swift */,
				DBB844702BE63F0400C07D39 /* SceneDelegate.swift */,
				DBB8448F2BE6853C00C07D39 /* LayoutMetrics.swift */,
				DBB844992BE7DA3000C07D39 /* BaseComponentsFactory.swift */,
				DB0FD3222BF673CA002F771B /* DatabaseManager.swift */,
				DB0FD3292BF8E2FF002F771B /* StorageManager.swift */,
				DBB844922BE68B4B00C07D39 /* Colors.swift */,
				DBB844882BE64A4100C07D39 /* MainTabBarController.swift */,
				DBB8449B2BEBDDDF00C07D39 /* Notifications.swift */,
				DB0FD3272BF6974F002F771B /* String+Safe.swift */,
				DBED38B12BEEA07C00570271 /* GoogleService-Info.plist */,
				DBB844772BE63F0500C07D39 /* Assets.xcassets */,
				DBB844792BE63F0500C07D39 /* LaunchScreen.storyboard */,
				DBB8447C2BE63F0500C07D39 /* Info.plist */,
			);
			path = Messenger;
			sourceTree = "<group>";
		};
		DBB844822BE6439D00C07D39 /* ConversationList */ = {
			isa = PBXGroup;
			children = (
				DBB844832BE643D800C07D39 /* ConversationListViewController.swift */,
				DB0FD31E2BF53297002F771B /* ConversationListTableViewCell.swift */,
				DB0FD3202BF53713002F771B /* Conversation.swift */,
			);
			path = ConversationList;
			sourceTree = "<group>";
		};
		DBB844852BE6489800C07D39 /* Profile */ = {
			isa = PBXGroup;
			children = (
				DBB844862BE648DB00C07D39 /* ProfileViewController.swift */,
			);
			path = Profile;
			sourceTree = "<group>";
		};
		DBB8448A2BE6511100C07D39 /* Login */ = {
			isa = PBXGroup;
			children = (
				DBB8448B2BE6514700C07D39 /* LoginViewController.swift */,
				DBB8448D2BE67FBC00C07D39 /* LoginView.swift */,
				DB0FD3192BF39377002F771B /* LoginNetworkService.swift */,
			);
			path = Login;
			sourceTree = "<group>";
		};
		DBB844942BE6C23400C07D39 /* Register */ = {
			isa = PBXGroup;
			children = (
				DBB844952BE6C25500C07D39 /* RegisterViewController.swift */,
				DBB844972BE7D93D00C07D39 /* RegisterView.swift */,
				DB0FD3162BEF8CD0002F771B /* RegisterNetworkService.swift */,
			);
			path = Register;
			sourceTree = "<group>";
		};
/* End PBXGroup section */

/* Begin PBXNativeTarget section */
		DBB8446A2BE63F0400C07D39 /* Messenger */ = {
			isa = PBXNativeTarget;
			buildConfigurationList = DBB8447F2BE63F0500C07D39 /* Build configuration list for PBXNativeTarget "Messenger" */;
			buildPhases = (
				DBB844672BE63F0400C07D39 /* Sources */,
				DBB844682BE63F0400C07D39 /* Frameworks */,
				DBB844692BE63F0400C07D39 /* Resources */,
			);
			buildRules = (
			);
			dependencies = (
			);
			name = Messenger;
			packageProductDependencies = (
				DB0FD3082BEEA87D002F771B /* FirebaseAnalytics */,
				DB0FD30A2BEEA87D002F771B /* FirebaseAuth */,
				DB0FD30C2BEEA87D002F771B /* FirebaseDatabase */,
				DB0FD30E2BEEA87D002F771B /* FirebaseDatabaseSwift */,
				DB0FD3102BEEA87D002F771B /* FirebaseFirestore */,
				DB0FD3122BEEA87D002F771B /* FirebaseFirestoreSwift */,
				DB0FD3142BEEA87D002F771B /* FirebaseStorage */,
			);
			productName = Messenger;
			productReference = DBB8446B2BE63F0400C07D39 /* Messenger.app */;
			productType = "com.apple.product-type.application";
		};
/* End PBXNativeTarget section */

/* Begin PBXProject section */
		DBB844632BE63F0400C07D39 /* Project object */ = {
			isa = PBXProject;
			attributes = {
				BuildIndependentTargetsInParallel = 1;
				LastSwiftUpdateCheck = 1530;
				LastUpgradeCheck = 1530;
				TargetAttributes = {
					DBB8446A2BE63F0400C07D39 = {
						CreatedOnToolsVersion = 15.3;
					};
				};
			};
			buildConfigurationList = DBB844662BE63F0400C07D39 /* Build configuration list for PBXProject "Messenger" */;
			compatibilityVersion = "Xcode 14.0";
			developmentRegion = en;
			hasScannedForEncodings = 0;
			knownRegions = (
				en,
				Base,
			);
			mainGroup = DBB844622BE63F0400C07D39;
			packageReferences = (
				DBED38AE2BEE9E2B00570271 /* XCRemoteSwiftPackageReference "firebase-ios-sdk" */,
			);
			productRefGroup = DBB8446C2BE63F0400C07D39 /* Products */;
			projectDirPath = "";
			projectRoot = "";
			targets = (
				DBB8446A2BE63F0400C07D39 /* Messenger */,
			);
		};
/* End PBXProject section */

/* Begin PBXResourcesBuildPhase section */
		DBB844692BE63F0400C07D39 /* Resources */ = {
			isa = PBXResourcesBuildPhase;
			buildActionMask = 2147483647;
			files = (
				DBB844782BE63F0500C07D39 /* Assets.xcassets in Resources */,
				DBB8447B2BE63F0500C07D39 /* Base in Resources */,
				DBED38B02BEEA03F00570271 /* GoogleService-Info.plist in Resources */,
			);
			runOnlyForDeploymentPostprocessing = 0;
		};
/* End PBXResourcesBuildPhase section */

/* Begin PBXSourcesBuildPhase section */
		DBB844672BE63F0400C07D39 /* Sources */ = {
			isa = PBXSourcesBuildPhase;
			buildActionMask = 2147483647;
			files = (
				DB0FD32F2BFF552A002F771B /* ChatUser.swift in Sources */,
				DBB844982BE7D93D00C07D39 /* RegisterView.swift in Sources */,
				DBB8448C2BE6514700C07D39 /* LoginViewController.swift in Sources */,
				DBB844932BE68B4B00C07D39 /* Colors.swift in Sources */,
				DBB8448E2BE67FBC00C07D39 /* LoginView.swift in Sources */,
				DBB844842BE643D800C07D39 /* ConversationListViewController.swift in Sources */,
				DB0FD3282BF6974F002F771B /* String+Safe.swift in Sources */,
				DB0FD3312BFFD497002F771B /* NewConversationTableViewCell.swift in Sources */,
				DB0FD31A2BF39377002F771B /* LoginNetworkService.swift in Sources */,
				DBB8449C2BEBDDDF00C07D39 /* Notifications.swift in Sources */,
				DBB844962BE6C25500C07D39 /* RegisterViewController.swift in Sources */,
				DB0FD3262BF6757E002F771B /* User.swift in Sources */,
				DBB844902BE6853C00C07D39 /* LayoutMetrics.swift in Sources */,
				DBB8449A2BE7DA3000C07D39 /* BaseComponentsFactory.swift in Sources */,
				DB0FD31F2BF53297002F771B /* ConversationListTableViewCell.swift in Sources */,
				DB0FD32A2BF8E2FF002F771B /* StorageManager.swift in Sources */,
				DB0FD31D2BF4C4C1002F771B /* ConversationViewController.swift in Sources */,
				DB0FD32D2BFE7F12002F771B /* NewConversationViewController.swift in Sources */,
				DB0FD3212BF53713002F771B /* Conversation.swift in Sources */,
				DB0FD3172BEF8CD0002F771B /* RegisterNetworkService.swift in Sources */,
				DB0FD3232BF673CA002F771B /* DatabaseManager.swift in Sources */,
				DBB8446F2BE63F0400C07D39 /* AppDelegate.swift in Sources */,
				DBB844892BE64A4100C07D39 /* MainTabBarController.swift in Sources */,
				DBB844872BE648DB00C07D39 /* ProfileViewController.swift in Sources */,
				DBB844712BE63F0400C07D39 /* SceneDelegate.swift in Sources */,
			);
			runOnlyForDeploymentPostprocessing = 0;
		};
/* End PBXSourcesBuildPhase section */

/* Begin PBXVariantGroup section */
		DBB844792BE63F0500C07D39 /* LaunchScreen.storyboard */ = {
			isa = PBXVariantGroup;
			children = (
				DBB8447A2BE63F0500C07D39 /* Base */,
			);
			name = LaunchScreen.storyboard;
			sourceTree = "<group>";
		};
/* End PBXVariantGroup section */

/* Begin XCBuildConfiguration section */
		DBB8447D2BE63F0500C07D39 /* Debug */ = {
			isa = XCBuildConfiguration;
			buildSettings = {
				ALWAYS_SEARCH_USER_PATHS = NO;
				ASSETCATALOG_COMPILER_GENERATE_SWIFT_ASSET_SYMBOL_EXTENSIONS = YES;
				CLANG_ANALYZER_NONNULL = YES;
				CLANG_ANALYZER_NUMBER_OBJECT_CONVERSION = YES_AGGRESSIVE;
				CLANG_CXX_LANGUAGE_STANDARD = "gnu++20";
				CLANG_ENABLE_MODULES = YES;
				CLANG_ENABLE_OBJC_ARC = YES;
				CLANG_ENABLE_OBJC_WEAK = YES;
				CLANG_WARN_BLOCK_CAPTURE_AUTORELEASING = YES;
				CLANG_WARN_BOOL_CONVERSION = YES;
				CLANG_WARN_COMMA = YES;
				CLANG_WARN_CONSTANT_CONVERSION = YES;
				CLANG_WARN_DEPRECATED_OBJC_IMPLEMENTATIONS = YES;
				CLANG_WARN_DIRECT_OBJC_ISA_USAGE = YES_ERROR;
				CLANG_WARN_DOCUMENTATION_COMMENTS = YES;
				CLANG_WARN_EMPTY_BODY = YES;
				CLANG_WARN_ENUM_CONVERSION = YES;
				CLANG_WARN_INFINITE_RECURSION = YES;
				CLANG_WARN_INT_CONVERSION = YES;
				CLANG_WARN_NON_LITERAL_NULL_CONVERSION = YES;
				CLANG_WARN_OBJC_IMPLICIT_RETAIN_SELF = YES;
				CLANG_WARN_OBJC_LITERAL_CONVERSION = YES;
				CLANG_WARN_OBJC_ROOT_CLASS = YES_ERROR;
				CLANG_WARN_QUOTED_INCLUDE_IN_FRAMEWORK_HEADER = YES;
				CLANG_WARN_RANGE_LOOP_ANALYSIS = YES;
				CLANG_WARN_STRICT_PROTOTYPES = YES;
				CLANG_WARN_SUSPICIOUS_MOVE = YES;
				CLANG_WARN_UNGUARDED_AVAILABILITY = YES_AGGRESSIVE;
				CLANG_WARN_UNREACHABLE_CODE = YES;
				CLANG_WARN__DUPLICATE_METHOD_MATCH = YES;
				COPY_PHASE_STRIP = NO;
				DEBUG_INFORMATION_FORMAT = dwarf;
				ENABLE_STRICT_OBJC_MSGSEND = YES;
				ENABLE_TESTABILITY = YES;
				ENABLE_USER_SCRIPT_SANDBOXING = YES;
				GCC_C_LANGUAGE_STANDARD = gnu17;
				GCC_DYNAMIC_NO_PIC = NO;
				GCC_NO_COMMON_BLOCKS = YES;
				GCC_OPTIMIZATION_LEVEL = 0;
				GCC_PREPROCESSOR_DEFINITIONS = (
					"DEBUG=1",
					"$(inherited)",
				);
				GCC_WARN_64_TO_32_BIT_CONVERSION = YES;
				GCC_WARN_ABOUT_RETURN_TYPE = YES_ERROR;
				GCC_WARN_UNDECLARED_SELECTOR = YES;
				GCC_WARN_UNINITIALIZED_AUTOS = YES_AGGRESSIVE;
				GCC_WARN_UNUSED_FUNCTION = YES;
				GCC_WARN_UNUSED_VARIABLE = YES;
				IPHONEOS_DEPLOYMENT_TARGET = 17.4;
				LOCALIZATION_PREFERS_STRING_CATALOGS = YES;
				MTL_ENABLE_DEBUG_INFO = INCLUDE_SOURCE;
				MTL_FAST_MATH = YES;
				ONLY_ACTIVE_ARCH = YES;
				SDKROOT = iphoneos;
				SWIFT_ACTIVE_COMPILATION_CONDITIONS = "DEBUG $(inherited)";
				SWIFT_OPTIMIZATION_LEVEL = "-Onone";
			};
			name = Debug;
		};
		DBB8447E2BE63F0500C07D39 /* Release */ = {
			isa = XCBuildConfiguration;
			buildSettings = {
				ALWAYS_SEARCH_USER_PATHS = NO;
				ASSETCATALOG_COMPILER_GENERATE_SWIFT_ASSET_SYMBOL_EXTENSIONS = YES;
				CLANG_ANALYZER_NONNULL = YES;
				CLANG_ANALYZER_NUMBER_OBJECT_CONVERSION = YES_AGGRESSIVE;
				CLANG_CXX_LANGUAGE_STANDARD = "gnu++20";
				CLANG_ENABLE_MODULES = YES;
				CLANG_ENABLE_OBJC_ARC = YES;
				CLANG_ENABLE_OBJC_WEAK = YES;
				CLANG_WARN_BLOCK_CAPTURE_AUTORELEASING = YES;
				CLANG_WARN_BOOL_CONVERSION = YES;
				CLANG_WARN_COMMA = YES;
				CLANG_WARN_CONSTANT_CONVERSION = YES;
				CLANG_WARN_DEPRECATED_OBJC_IMPLEMENTATIONS = YES;
				CLANG_WARN_DIRECT_OBJC_ISA_USAGE = YES_ERROR;
				CLANG_WARN_DOCUMENTATION_COMMENTS = YES;
				CLANG_WARN_EMPTY_BODY = YES;
				CLANG_WARN_ENUM_CONVERSION = YES;
				CLANG_WARN_INFINITE_RECURSION = YES;
				CLANG_WARN_INT_CONVERSION = YES;
				CLANG_WARN_NON_LITERAL_NULL_CONVERSION = YES;
				CLANG_WARN_OBJC_IMPLICIT_RETAIN_SELF = YES;
				CLANG_WARN_OBJC_LITERAL_CONVERSION = YES;
				CLANG_WARN_OBJC_ROOT_CLASS = YES_ERROR;
				CLANG_WARN_QUOTED_INCLUDE_IN_FRAMEWORK_HEADER = YES;
				CLANG_WARN_RANGE_LOOP_ANALYSIS = YES;
				CLANG_WARN_STRICT_PROTOTYPES = YES;
				CLANG_WARN_SUSPICIOUS_MOVE = YES;
				CLANG_WARN_UNGUARDED_AVAILABILITY = YES_AGGRESSIVE;
				CLANG_WARN_UNREACHABLE_CODE = YES;
				CLANG_WARN__DUPLICATE_METHOD_MATCH = YES;
				COPY_PHASE_STRIP = NO;
				DEBUG_INFORMATION_FORMAT = "dwarf-with-dsym";
				ENABLE_NS_ASSERTIONS = NO;
				ENABLE_STRICT_OBJC_MSGSEND = YES;
				ENABLE_USER_SCRIPT_SANDBOXING = YES;
				GCC_C_LANGUAGE_STANDARD = gnu17;
				GCC_NO_COMMON_BLOCKS = YES;
				GCC_WARN_64_TO_32_BIT_CONVERSION = YES;
				GCC_WARN_ABOUT_RETURN_TYPE = YES_ERROR;
				GCC_WARN_UNDECLARED_SELECTOR = YES;
				GCC_WARN_UNINITIALIZED_AUTOS = YES_AGGRESSIVE;
				GCC_WARN_UNUSED_FUNCTION = YES;
				GCC_WARN_UNUSED_VARIABLE = YES;
				IPHONEOS_DEPLOYMENT_TARGET = 17.4;
				LOCALIZATION_PREFERS_STRING_CATALOGS = YES;
				MTL_ENABLE_DEBUG_INFO = NO;
				MTL_FAST_MATH = YES;
				SDKROOT = iphoneos;
				SWIFT_COMPILATION_MODE = wholemodule;
				VALIDATE_PRODUCT = YES;
			};
			name = Release;
		};
		DBB844802BE63F0500C07D39 /* Debug */ = {
			isa = XCBuildConfiguration;
			buildSettings = {
				ASSETCATALOG_COMPILER_APPICON_NAME = AppIcon;
				ASSETCATALOG_COMPILER_GLOBAL_ACCENT_COLOR_NAME = AccentColor;
				CODE_SIGN_STYLE = Automatic;
				CURRENT_PROJECT_VERSION = 1;
				GENERATE_INFOPLIST_FILE = YES;
				INFOPLIST_FILE = Messenger/Info.plist;
				INFOPLIST_KEY_NSAppleMusicUsageDescription = "";
				INFOPLIST_KEY_NSCameraUsageDescription = "Пожалуйста, дайте доступ к камере";
				INFOPLIST_KEY_UIApplicationSupportsIndirectInputEvents = YES;
				INFOPLIST_KEY_UILaunchStoryboardName = LaunchScreen;
				INFOPLIST_KEY_UIMainStoryboardFile = "";
				INFOPLIST_KEY_UIStatusBarStyle = "";
				INFOPLIST_KEY_UISupportedInterfaceOrientations_iPad = "UIInterfaceOrientationPortrait UIInterfaceOrientationPortraitUpsideDown UIInterfaceOrientationLandscapeLeft UIInterfaceOrientationLandscapeRight";
				INFOPLIST_KEY_UISupportedInterfaceOrientations_iPhone = "UIInterfaceOrientationPortrait UIInterfaceOrientationLandscapeLeft UIInterfaceOrientationLandscapeRight";
				LD_RUNPATH_SEARCH_PATHS = (
					"$(inherited)",
					"@executable_path/Frameworks",
				);
				MARKETING_VERSION = 1.0;
				PRODUCT_BUNDLE_IDENTIFIER = M.Messenger;
				PRODUCT_NAME = "$(TARGET_NAME)";
				SUPPORTED_PLATFORMS = "iphoneos iphonesimulator";
				SUPPORTS_MACCATALYST = NO;
				SUPPORTS_MAC_DESIGNED_FOR_IPHONE_IPAD = NO;
				SUPPORTS_XR_DESIGNED_FOR_IPHONE_IPAD = NO;
				SWIFT_EMIT_LOC_STRINGS = YES;
				SWIFT_VERSION = 5.0;
				TARGETED_DEVICE_FAMILY = 1;
			};
			name = Debug;
		};
		DBB844812BE63F0500C07D39 /* Release */ = {
			isa = XCBuildConfiguration;
			buildSettings = {
				ASSETCATALOG_COMPILER_APPICON_NAME = AppIcon;
				ASSETCATALOG_COMPILER_GLOBAL_ACCENT_COLOR_NAME = AccentColor;
				CODE_SIGN_STYLE = Automatic;
				CURRENT_PROJECT_VERSION = 1;
				GENERATE_INFOPLIST_FILE = YES;
				INFOPLIST_FILE = Messenger/Info.plist;
				INFOPLIST_KEY_NSAppleMusicUsageDescription = "";
				INFOPLIST_KEY_NSCameraUsageDescription = "Пожалуйста, дайте доступ к камере";
				INFOPLIST_KEY_UIApplicationSupportsIndirectInputEvents = YES;
				INFOPLIST_KEY_UILaunchStoryboardName = LaunchScreen;
				INFOPLIST_KEY_UIMainStoryboardFile = "";
				INFOPLIST_KEY_UIStatusBarStyle = "";
				INFOPLIST_KEY_UISupportedInterfaceOrientations_iPad = "UIInterfaceOrientationPortrait UIInterfaceOrientationPortraitUpsideDown UIInterfaceOrientationLandscapeLeft UIInterfaceOrientationLandscapeRight";
				INFOPLIST_KEY_UISupportedInterfaceOrientations_iPhone = "UIInterfaceOrientationPortrait UIInterfaceOrientationLandscapeLeft UIInterfaceOrientationLandscapeRight";
				LD_RUNPATH_SEARCH_PATHS = (
					"$(inherited)",
					"@executable_path/Frameworks",
				);
				MARKETING_VERSION = 1.0;
				PRODUCT_BUNDLE_IDENTIFIER = M.Messenger;
				PRODUCT_NAME = "$(TARGET_NAME)";
				SUPPORTED_PLATFORMS = "iphoneos iphonesimulator";
				SUPPORTS_MACCATALYST = NO;
				SUPPORTS_MAC_DESIGNED_FOR_IPHONE_IPAD = NO;
				SUPPORTS_XR_DESIGNED_FOR_IPHONE_IPAD = NO;
				SWIFT_EMIT_LOC_STRINGS = YES;
				SWIFT_VERSION = 5.0;
				TARGETED_DEVICE_FAMILY = 1;
			};
			name = Release;
		};
/* End XCBuildConfiguration section */

/* Begin XCConfigurationList section */
		DBB844662BE63F0400C07D39 /* Build configuration list for PBXProject "Messenger" */ = {
			isa = XCConfigurationList;
			buildConfigurations = (
				DBB8447D2BE63F0500C07D39 /* Debug */,
				DBB8447E2BE63F0500C07D39 /* Release */,
			);
			defaultConfigurationIsVisible = 0;
			defaultConfigurationName = Release;
		};
		DBB8447F2BE63F0500C07D39 /* Build configuration list for PBXNativeTarget "Messenger" */ = {
			isa = XCConfigurationList;
			buildConfigurations = (
				DBB844802BE63F0500C07D39 /* Debug */,
				DBB844812BE63F0500C07D39 /* Release */,
			);
			defaultConfigurationIsVisible = 0;
			defaultConfigurationName = Release;
		};
/* End XCConfigurationList section */

/* Begin XCRemoteSwiftPackageReference section */
		DBED38AE2BEE9E2B00570271 /* XCRemoteSwiftPackageReference "firebase-ios-sdk" */ = {
			isa = XCRemoteSwiftPackageReference;
			repositoryURL = "https://github.com/firebase/firebase-ios-sdk";
			requirement = {
				kind = upToNextMajorVersion;
				minimumVersion = 10.25.0;
			};
		};
/* End XCRemoteSwiftPackageReference section */

/* Begin XCSwiftPackageProductDependency section */
		DB0FD3082BEEA87D002F771B /* FirebaseAnalytics */ = {
			isa = XCSwiftPackageProductDependency;
			package = DBED38AE2BEE9E2B00570271 /* XCRemoteSwiftPackageReference "firebase-ios-sdk" */;
			productName = FirebaseAnalytics;
		};
		DB0FD30A2BEEA87D002F771B /* FirebaseAuth */ = {
			isa = XCSwiftPackageProductDependency;
			package = DBED38AE2BEE9E2B00570271 /* XCRemoteSwiftPackageReference "firebase-ios-sdk" */;
			productName = FirebaseAuth;
		};
		DB0FD30C2BEEA87D002F771B /* FirebaseDatabase */ = {
			isa = XCSwiftPackageProductDependency;
			package = DBED38AE2BEE9E2B00570271 /* XCRemoteSwiftPackageReference "firebase-ios-sdk" */;
			productName = FirebaseDatabase;
		};
		DB0FD30E2BEEA87D002F771B /* FirebaseDatabaseSwift */ = {
			isa = XCSwiftPackageProductDependency;
			package = DBED38AE2BEE9E2B00570271 /* XCRemoteSwiftPackageReference "firebase-ios-sdk" */;
			productName = FirebaseDatabaseSwift;
		};
		DB0FD3102BEEA87D002F771B /* FirebaseFirestore */ = {
			isa = XCSwiftPackageProductDependency;
			package = DBED38AE2BEE9E2B00570271 /* XCRemoteSwiftPackageReference "firebase-ios-sdk" */;
			productName = FirebaseFirestore;
		};
		DB0FD3122BEEA87D002F771B /* FirebaseFirestoreSwift */ = {
			isa = XCSwiftPackageProductDependency;
			package = DBED38AE2BEE9E2B00570271 /* XCRemoteSwiftPackageReference "firebase-ios-sdk" */;
			productName = FirebaseFirestoreSwift;
		};
		DB0FD3142BEEA87D002F771B /* FirebaseStorage */ = {
			isa = XCSwiftPackageProductDependency;
			package = DBED38AE2BEE9E2B00570271 /* XCRemoteSwiftPackageReference "firebase-ios-sdk" */;
			productName = FirebaseStorage;
		};
/* End XCSwiftPackageProductDependency section */
	};
	rootObject = DBB844632BE63F0400C07D39 /* Project object */;
}
